
Microsoft Visual Studio Solution File, Format Version 12.00
# Visual Studio 14
VisualStudioVersion = 14.0.25420.1
MinimumVisualStudioVersion = 10.0.40219.1
Project("{FAE04EC0-301F-11D3-BF4B-00C04F79EFBC}") = "Labb 6 - DungeonKryper", "Labb 6 - DungeonKryper.csproj", "{268FD17B-3EB9-4725-8ABD-A149016B11FC}"
EndProject
Global
	GlobalSection(SolutionConfigurationPlatforms) = preSolution
		Debug|Any CPU = Debug|Any CPU
		Release|Any CPU = Release|Any CPU
	EndGlobalSection
	GlobalSection(ProjectConfigurationPlatforms) = postSolution
		{268FD17B-3EB9-4725-8ABD-A149016B11FC}.Debug|Any CPU.ActiveCfg = Debug|Any CPU
		{268FD17B-3EB9-4725-8ABD-A149016B11FC}.Debug|Any CPU.Build.0 = Debug|Any CPU
		{268FD17B-3EB9-4725-8ABD-A149016B11FC}.Release|Any CPU.ActiveCfg = Release|Any CPU
		{268FD17B-3EB9-4725-8ABD-A149016B11FC}.Release|Any CPU.Build.0 = Release|Any CPU
	EndGlobalSection
	GlobalSection(SolutionProperties) = preSolution
		HideSolutionNode = FALSE
	EndGlobalSection
EndGlobal
